
Microsoft Visual Studio Solution File, Format Version 12.00
# Visual Studio 15
VisualStudioVersion = 15.0.26730.8
MinimumVisualStudioVersion = 10.0.40219.1
Project("{2150E333-8FDC-42A3-9474-1A3956D46DE8}") = "Calculator", "Calculator", "{3A819933-02C7-4AA6-8BB9-9E25C767A7AE}"
EndProject
Project("{FAE04EC0-301F-11D3-BF4B-00C04F79EFBC}") = "Calculator", "Calculator\Calculator.csproj", "{82236CE8-BCAD-4749-98DC-A696F0E6C7BE}"
EndProject
Project("{FAE04EC0-301F-11D3-BF4B-00C04F79EFBC}") = "Calculator.Tests", "Calculator.Tests\Calculator.Tests.csproj", "{99F98B9D-3B1A-42D8-9170-9F8C14723879}"
EndProject
Project("{FAE04EC0-301F-11D3-BF4B-00C04F79EFBC}") = "Calculator.NUnitTests", "Calculator.NUnitTests\Calculator.NUnitTests.csproj", "{673967BA-6C17-4499-AD7D-CE8D29D905BD}"
EndProject
Project("{FAE04EC0-301F-11D3-BF4B-00C04F79EFBC}") = "Calculator.XUnitTests", "Calculator.XUnitTests\Calculator.XUnitTests.csproj", "{98AB356D-1CBA-4C0F-BE38-9A0CFF392976}"
EndProject
Project("{2150E333-8FDC-42A3-9474-1A3956D46DE8}") = "TDDBank", "TDDBank", "{C59BF5D9-70B6-4232-8630-9E08B0397E45}"
EndProject
Project("{FAE04EC0-301F-11D3-BF4B-00C04F79EFBC}") = "TDDBank", "TDDBank\TDDBank.csproj", "{010219A1-6C92-49AB-A120-86C286014BFD}"
EndProject
Project("{FAE04EC0-301F-11D3-BF4B-00C04F79EFBC}") = "TDDBank.Tests", "TDDBank.Tests\TDDBank.Tests.csproj", "{300CA634-6507-4CD7-B9A6-C290DF1E87E6}"
EndProject
Project("{2150E333-8FDC-42A3-9474-1A3956D46DE8}") = "EmptySummer", "EmptySummer", "{7A2C4086-0B12-4CF6-B121-84B1D0674A57}"
EndProject
Project("{2150E333-8FDC-42A3-9474-1A3956D46DE8}") = "Logic", "Logic", "{B3DADCAD-960A-4321-88E6-F37966BB0B1C}"
EndProject
Project("{2150E333-8FDC-42A3-9474-1A3956D46DE8}") = "Data", "Data", "{2E449F12-08E6-4678-AA66-F9017B68F489}"
EndProject
Project("{2150E333-8FDC-42A3-9474-1A3956D46DE8}") = "Model", "Model", "{AB80C62E-E1D8-4BBB-8A96-C7CE3B71896B}"
EndProject
Project("{FAE04EC0-301F-11D3-BF4B-00C04F79EFBC}") = "EmptySummer.Core", "EmptySummer.Core\EmptySummer.Core.csproj", "{096B9B77-E9EB-463A-84F8-BB3597872E36}"
EndProject
Project("{FAE04EC0-301F-11D3-BF4B-00C04F79EFBC}") = "EmptySummer.Data.EntityFramework", "EmptySummer.Data.EntityFramework\EmptySummer.Data.EntityFramework.csproj", "{6644A0A6-5825-47AC-9D86-08348F854C7A}"
EndProject
Project("{FAE04EC0-301F-11D3-BF4B-00C04F79EFBC}") = "EmptySummer.Data.EntityFramework.Tests", "EmptySummer.Data.EntityFramework.Tests\EmptySummer.Data.EntityFramework.Tests.csproj", "{D0AD654B-270E-4BC9-9A56-13F0EA0CB3CB}"
EndProject
Project("{FAE04EC0-301F-11D3-BF4B-00C04F79EFBC}") = "EmptySummer.Logic", "EmptySummer.Logic\EmptySummer.Logic.csproj", "{CBAD3CFC-C7B9-40A9-B454-D1123BD80F86}"
EndProject
Project("{FAE04EC0-301F-11D3-BF4B-00C04F79EFBC}") = "EmptySummer.Logic.Tests", "EmptySummer.Logic.Tests\EmptySummer.Logic.Tests.csproj", "{07970A1E-315D-401E-BA20-5DDF5CF587A3}"
EndProject
Project("{FAE04EC0-301F-11D3-BF4B-00C04F79EFBC}") = "EmptySummer.Logic.Tests.Integration", "EmptySummer.Logic.Tests.Integration\EmptySummer.Logic.Tests.Integration.csproj", "{D47BED8E-42D9-4AEA-8F43-7F557932651C}"
EndProject
Project("{2150E333-8FDC-42A3-9474-1A3956D46DE8}") = "UITests", "UITests", "{EAE38B25-9337-4A18-BFA4-4CC6D8F87985}"
EndProject
Project("{FAE04EC0-301F-11D3-BF4B-00C04F79EFBC}") = "HalloWPF", "HalloWPF\HalloWPF.csproj", "{EC48D6D2-69A0-4FDA-BC17-8CAA8CC72DD8}"
EndProject
Project("{FAE04EC0-301F-11D3-BF4B-00C04F79EFBC}") = "HalloWPF.UITests", "HalloWPF.UITests\HalloWPF.UITests.csproj", "{A3012058-6DB2-4407-AF7C-B54BE48020B2}"
EndProject
Global
	GlobalSection(SolutionConfigurationPlatforms) = preSolution
		Debug|Any CPU = Debug|Any CPU
		Release|Any CPU = Release|Any CPU
	EndGlobalSection
	GlobalSection(ProjectConfigurationPlatforms) = postSolution
		{82236CE8-BCAD-4749-98DC-A696F0E6C7BE}.Debug|Any CPU.ActiveCfg = Debug|Any CPU
		{82236CE8-BCAD-4749-98DC-A696F0E6C7BE}.Debug|Any CPU.Build.0 = Debug|Any CPU
		{82236CE8-BCAD-4749-98DC-A696F0E6C7BE}.Release|Any CPU.ActiveCfg = Release|Any CPU
		{82236CE8-BCAD-4749-98DC-A696F0E6C7BE}.Release|Any CPU.Build.0 = Release|Any CPU
		{99F98B9D-3B1A-42D8-9170-9F8C14723879}.Debug|Any CPU.ActiveCfg = Debug|Any CPU
		{99F98B9D-3B1A-42D8-9170-9F8C14723879}.Debug|Any CPU.Build.0 = Debug|Any CPU
		{99F98B9D-3B1A-42D8-9170-9F8C14723879}.Release|Any CPU.ActiveCfg = Release|Any CPU
		{99F98B9D-3B1A-42D8-9170-9F8C14723879}.Release|Any CPU.Build.0 = Release|Any CPU
		{673967BA-6C17-4499-AD7D-CE8D29D905BD}.Debug|Any CPU.ActiveCfg = Debug|Any CPU
		{673967BA-6C17-4499-AD7D-CE8D29D905BD}.Debug|Any CPU.Build.0 = Debug|Any CPU
		{673967BA-6C17-4499-AD7D-CE8D29D905BD}.Release|Any CPU.ActiveCfg = Release|Any CPU
		{673967BA-6C17-4499-AD7D-CE8D29D905BD}.Release|Any CPU.Build.0 = Release|Any CPU
		{98AB356D-1CBA-4C0F-BE38-9A0CFF392976}.Debug|Any CPU.ActiveCfg = Debug|Any CPU
		{98AB356D-1CBA-4C0F-BE38-9A0CFF392976}.Debug|Any CPU.Build.0 = Debug|Any CPU
		{98AB356D-1CBA-4C0F-BE38-9A0CFF392976}.Release|Any CPU.ActiveCfg = Release|Any CPU
		{98AB356D-1CBA-4C0F-BE38-9A0CFF392976}.Release|Any CPU.Build.0 = Release|Any CPU
		{010219A1-6C92-49AB-A120-86C286014BFD}.Debug|Any CPU.ActiveCfg = Debug|Any CPU
		{010219A1-6C92-49AB-A120-86C286014BFD}.Debug|Any CPU.Build.0 = Debug|Any CPU
		{010219A1-6C92-49AB-A120-86C286014BFD}.Release|Any CPU.ActiveCfg = Release|Any CPU
		{010219A1-6C92-49AB-A120-86C286014BFD}.Release|Any CPU.Build.0 = Release|Any CPU
		{300CA634-6507-4CD7-B9A6-C290DF1E87E6}.Debug|Any CPU.ActiveCfg = Debug|Any CPU
		{300CA634-6507-4CD7-B9A6-C290DF1E87E6}.Debug|Any CPU.Build.0 = Debug|Any CPU
		{300CA634-6507-4CD7-B9A6-C290DF1E87E6}.Release|Any CPU.ActiveCfg = Release|Any CPU
		{300CA634-6507-4CD7-B9A6-C290DF1E87E6}.Release|Any CPU.Build.0 = Release|Any CPU
		{096B9B77-E9EB-463A-84F8-BB3597872E36}.Debug|Any CPU.ActiveCfg = Debug|Any CPU
		{096B9B77-E9EB-463A-84F8-BB3597872E36}.Debug|Any CPU.Build.0 = Debug|Any CPU
		{096B9B77-E9EB-463A-84F8-BB3597872E36}.Release|Any CPU.ActiveCfg = Release|Any CPU
		{096B9B77-E9EB-463A-84F8-BB3597872E36}.Release|Any CPU.Build.0 = Release|Any CPU
		{6644A0A6-5825-47AC-9D86-08348F854C7A}.Debug|Any CPU.ActiveCfg = Debug|Any CPU
		{6644A0A6-5825-47AC-9D86-08348F854C7A}.Debug|Any CPU.Build.0 = Debug|Any CPU
		{6644A0A6-5825-47AC-9D86-08348F854C7A}.Release|Any CPU.ActiveCfg = Release|Any CPU
		{6644A0A6-5825-47AC-9D86-08348F854C7A}.Release|Any CPU.Build.0 = Release|Any CPU
		{D0AD654B-270E-4BC9-9A56-13F0EA0CB3CB}.Debug|Any CPU.ActiveCfg = Debug|Any CPU
		{D0AD654B-270E-4BC9-9A56-13F0EA0CB3CB}.Debug|Any CPU.Build.0 = Debug|Any CPU
		{D0AD654B-270E-4BC9-9A56-13F0EA0CB3CB}.Release|Any CPU.ActiveCfg = Release|Any CPU
		{D0AD654B-270E-4BC9-9A56-13F0EA0CB3CB}.Release|Any CPU.Build.0 = Release|Any CPU
		{CBAD3CFC-C7B9-40A9-B454-D1123BD80F86}.Debug|Any CPU.ActiveCfg = Debug|Any CPU
		{CBAD3CFC-C7B9-40A9-B454-D1123BD80F86}.Debug|Any CPU.Build.0 = Debug|Any CPU
		{CBAD3CFC-C7B9-40A9-B454-D1123BD80F86}.Release|Any CPU.ActiveCfg = Release|Any CPU
		{CBAD3CFC-C7B9-40A9-B454-D1123BD80F86}.Release|Any CPU.Build.0 = Release|Any CPU
		{07970A1E-315D-401E-BA20-5DDF5CF587A3}.Debug|Any CPU.ActiveCfg = Debug|Any CPU
		{07970A1E-315D-401E-BA20-5DDF5CF587A3}.Debug|Any CPU.Build.0 = Debug|Any CPU
		{07970A1E-315D-401E-BA20-5DDF5CF587A3}.Release|Any CPU.ActiveCfg = Release|Any CPU
		{07970A1E-315D-401E-BA20-5DDF5CF587A3}.Release|Any CPU.Build.0 = Release|Any CPU
		{D47BED8E-42D9-4AEA-8F43-7F557932651C}.Debug|Any CPU.ActiveCfg = Debug|Any CPU
		{D47BED8E-42D9-4AEA-8F43-7F557932651C}.Debug|Any CPU.Build.0 = Debug|Any CPU
		{D47BED8E-42D9-4AEA-8F43-7F557932651C}.Release|Any CPU.ActiveCfg = Release|Any CPU
		{D47BED8E-42D9-4AEA-8F43-7F557932651C}.Release|Any CPU.Build.0 = Release|Any CPU
		{EC48D6D2-69A0-4FDA-BC17-8CAA8CC72DD8}.Debug|Any CPU.ActiveCfg = Debug|Any CPU
		{EC48D6D2-69A0-4FDA-BC17-8CAA8CC72DD8}.Debug|Any CPU.Build.0 = Debug|Any CPU
		{EC48D6D2-69A0-4FDA-BC17-8CAA8CC72DD8}.Release|Any CPU.ActiveCfg = Release|Any CPU
		{EC48D6D2-69A0-4FDA-BC17-8CAA8CC72DD8}.Release|Any CPU.Build.0 = Release|Any CPU
		{A3012058-6DB2-4407-AF7C-B54BE48020B2}.Debug|Any CPU.ActiveCfg = Debug|Any CPU
		{A3012058-6DB2-4407-AF7C-B54BE48020B2}.Debug|Any CPU.Build.0 = Debug|Any CPU
		{A3012058-6DB2-4407-AF7C-B54BE48020B2}.Release|Any CPU.ActiveCfg = Release|Any CPU
		{A3012058-6DB2-4407-AF7C-B54BE48020B2}.Release|Any CPU.Build.0 = Release|Any CPU
	EndGlobalSection
	GlobalSection(SolutionProperties) = preSolution
		HideSolutionNode = FALSE
	EndGlobalSection
	GlobalSection(NestedProjects) = preSolution
		{82236CE8-BCAD-4749-98DC-A696F0E6C7BE} = {3A819933-02C7-4AA6-8BB9-9E25C767A7AE}
		{99F98B9D-3B1A-42D8-9170-9F8C14723879} = {3A819933-02C7-4AA6-8BB9-9E25C767A7AE}
		{673967BA-6C17-4499-AD7D-CE8D29D905BD} = {3A819933-02C7-4AA6-8BB9-9E25C767A7AE}
		{98AB356D-1CBA-4C0F-BE38-9A0CFF392976} = {3A819933-02C7-4AA6-8BB9-9E25C767A7AE}
		{010219A1-6C92-49AB-A120-86C286014BFD} = {C59BF5D9-70B6-4232-8630-9E08B0397E45}
		{300CA634-6507-4CD7-B9A6-C290DF1E87E6} = {C59BF5D9-70B6-4232-8630-9E08B0397E45}
		{B3DADCAD-960A-4321-88E6-F37966BB0B1C} = {7A2C4086-0B12-4CF6-B121-84B1D0674A57}
		{2E449F12-08E6-4678-AA66-F9017B68F489} = {7A2C4086-0B12-4CF6-B121-84B1D0674A57}
		{AB80C62E-E1D8-4BBB-8A96-C7CE3B71896B} = {7A2C4086-0B12-4CF6-B121-84B1D0674A57}
		{096B9B77-E9EB-463A-84F8-BB3597872E36} = {AB80C62E-E1D8-4BBB-8A96-C7CE3B71896B}
		{6644A0A6-5825-47AC-9D86-08348F854C7A} = {2E449F12-08E6-4678-AA66-F9017B68F489}
		{D0AD654B-270E-4BC9-9A56-13F0EA0CB3CB} = {2E449F12-08E6-4678-AA66-F9017B68F489}
		{CBAD3CFC-C7B9-40A9-B454-D1123BD80F86} = {B3DADCAD-960A-4321-88E6-F37966BB0B1C}
		{07970A1E-315D-401E-BA20-5DDF5CF587A3} = {B3DADCAD-960A-4321-88E6-F37966BB0B1C}
		{D47BED8E-42D9-4AEA-8F43-7F557932651C} = {B3DADCAD-960A-4321-88E6-F37966BB0B1C}
		{EC48D6D2-69A0-4FDA-BC17-8CAA8CC72DD8} = {EAE38B25-9337-4A18-BFA4-4CC6D8F87985}
		{A3012058-6DB2-4407-AF7C-B54BE48020B2} = {EAE38B25-9337-4A18-BFA4-4CC6D8F87985}
	EndGlobalSection
	GlobalSection(ExtensibilityGlobals) = postSolution
		SolutionGuid = {49F7A08E-7DF3-45AD-A8E0-261C267B7277}
	EndGlobalSection
EndGlobal
