
Microsoft Visual Studio Solution File, Format Version 12.00
# Visual Studio 15
VisualStudioVersion = 15.0.26430.16
MinimumVisualStudioVersion = 10.0.40219.1
Project("{2150E333-8FDC-42A3-9474-1A3956D46DE8}") = "Calculator", "Calculator", "{3A819933-02C7-4AA6-8BB9-9E25C767A7AE}"
EndProject
Project("{FAE04EC0-301F-11D3-BF4B-00C04F79EFBC}") = "Calculator", "Calculator\Calculator.csproj", "{82236CE8-BCAD-4749-98DC-A696F0E6C7BE}"
EndProject
Project("{FAE04EC0-301F-11D3-BF4B-00C04F79EFBC}") = "Calculator.Tests", "Calculator.Tests\Calculator.Tests.csproj", "{99F98B9D-3B1A-42D8-9170-9F8C14723879}"
EndProject
Project("{FAE04EC0-301F-11D3-BF4B-00C04F79EFBC}") = "Calculator.NUnitTests", "Calculator.NUnitTests\Calculator.NUnitTests.csproj", "{673967BA-6C17-4499-AD7D-CE8D29D905BD}"
EndProject
Global
	GlobalSection(SolutionConfigurationPlatforms) = preSolution
		Debug|Any CPU = Debug|Any CPU
		Release|Any CPU = Release|Any CPU
	EndGlobalSection
	GlobalSection(ProjectConfigurationPlatforms) = postSolution
		{82236CE8-BCAD-4749-98DC-A696F0E6C7BE}.Debug|Any CPU.ActiveCfg = Debug|Any CPU
		{82236CE8-BCAD-4749-98DC-A696F0E6C7BE}.Debug|Any CPU.Build.0 = Debug|Any CPU
		{82236CE8-BCAD-4749-98DC-A696F0E6C7BE}.Release|Any CPU.ActiveCfg = Release|Any CPU
		{82236CE8-BCAD-4749-98DC-A696F0E6C7BE}.Release|Any CPU.Build.0 = Release|Any CPU
		{99F98B9D-3B1A-42D8-9170-9F8C14723879}.Debug|Any CPU.ActiveCfg = Debug|Any CPU
		{99F98B9D-3B1A-42D8-9170-9F8C14723879}.Debug|Any CPU.Build.0 = Debug|Any CPU
		{99F98B9D-3B1A-42D8-9170-9F8C14723879}.Release|Any CPU.ActiveCfg = Release|Any CPU
		{99F98B9D-3B1A-42D8-9170-9F8C14723879}.Release|Any CPU.Build.0 = Release|Any CPU
		{673967BA-6C17-4499-AD7D-CE8D29D905BD}.Debug|Any CPU.ActiveCfg = Debug|Any CPU
		{673967BA-6C17-4499-AD7D-CE8D29D905BD}.Debug|Any CPU.Build.0 = Debug|Any CPU
		{673967BA-6C17-4499-AD7D-CE8D29D905BD}.Release|Any CPU.ActiveCfg = Release|Any CPU
		{673967BA-6C17-4499-AD7D-CE8D29D905BD}.Release|Any CPU.Build.0 = Release|Any CPU
	EndGlobalSection
	GlobalSection(SolutionProperties) = preSolution
		HideSolutionNode = FALSE
	EndGlobalSection
	GlobalSection(NestedProjects) = preSolution
		{82236CE8-BCAD-4749-98DC-A696F0E6C7BE} = {3A819933-02C7-4AA6-8BB9-9E25C767A7AE}
		{99F98B9D-3B1A-42D8-9170-9F8C14723879} = {3A819933-02C7-4AA6-8BB9-9E25C767A7AE}
		{673967BA-6C17-4499-AD7D-CE8D29D905BD} = {3A819933-02C7-4AA6-8BB9-9E25C767A7AE}
	EndGlobalSection
EndGlobal
